
Microsoft Visual Studio Solution File, Format Version 12.00
# Visual Studio Version 17
VisualStudioVersion = 17.4.33213.308
MinimumVisualStudioVersion = 10.0.40219.1
Project("{9A19103F-16F7-4668-BE54-9A1E7A4F7556}") = "AutoGlass.API", "AutoGlass.API\AutoGlass.API.csproj", "{C89F6201-02F3-472C-892C-E0B2A2499B5D}"
EndProject
Project("{2150E333-8FDC-42A3-9474-1A3956D46DE8}") = "Solution Items", "Solution Items", "{0CE6C1EB-A73F-412E-A841-3B97D32C38E9}"
	ProjectSection(SolutionItems) = preProject
		.editorconfig = .editorconfig
	EndProjectSection
EndProject
Global
	GlobalSection(SolutionConfigurationPlatforms) = preSolution
		Debug|Any CPU = Debug|Any CPU
		Release|Any CPU = Release|Any CPU
	EndGlobalSection
	GlobalSection(ProjectConfigurationPlatforms) = postSolution
		{C89F6201-02F3-472C-892C-E0B2A2499B5D}.Debug|Any CPU.ActiveCfg = Debug|Any CPU
		{C89F6201-02F3-472C-892C-E0B2A2499B5D}.Debug|Any CPU.Build.0 = Debug|Any CPU
		{C89F6201-02F3-472C-892C-E0B2A2499B5D}.Release|Any CPU.ActiveCfg = Release|Any CPU
		{C89F6201-02F3-472C-892C-E0B2A2499B5D}.Release|Any CPU.Build.0 = Release|Any CPU
	EndGlobalSection
	GlobalSection(SolutionProperties) = preSolution
		HideSolutionNode = FALSE
	EndGlobalSection
	GlobalSection(ExtensibilityGlobals) = postSolution
		SolutionGuid = {72A0FDF1-228E-4025-8E25-DAD8D7F3949A}
	EndGlobalSection
EndGlobal
